
Microsoft Visual Studio Solution File, Format Version 12.00
# Visual Studio Version 16
VisualStudioVersion = 16.0.29503.13
MinimumVisualStudioVersion = 10.0.40219.1
Project("{FAE04EC0-301F-11D3-BF4B-00C04F79EFBC}") = "ProgrammingThings", "ProgrammingThings\ProgrammingThings.csproj", "{0DA45BEA-77DB-4066-AFB2-2AD382AC58A2}"
EndProject
Global
	GlobalSection(SolutionConfigurationPlatforms) = preSolution
		Debug|Any CPU = Debug|Any CPU
		Release|Any CPU = Release|Any CPU
	EndGlobalSection
	GlobalSection(ProjectConfigurationPlatforms) = postSolution
		{0DA45BEA-77DB-4066-AFB2-2AD382AC58A2}.Debug|Any CPU.ActiveCfg = Debug|Any CPU
		{0DA45BEA-77DB-4066-AFB2-2AD382AC58A2}.Debug|Any CPU.Build.0 = Debug|Any CPU
		{0DA45BEA-77DB-4066-AFB2-2AD382AC58A2}.Release|Any CPU.ActiveCfg = Release|Any CPU
		{0DA45BEA-77DB-4066-AFB2-2AD382AC58A2}.Release|Any CPU.Build.0 = Release|Any CPU
	EndGlobalSection
	GlobalSection(SolutionProperties) = preSolution
		HideSolutionNode = FALSE
	EndGlobalSection
	GlobalSection(ExtensibilityGlobals) = postSolution
		SolutionGuid = {11E1FABE-0141-44DB-A4AF-36D01E6253C1}
	EndGlobalSection
EndGlobal
